<Solution>
  <Project Path="src/TaksunPars/TaksunPars.Shared/TaksunPars.Shared.csproj" />
  <Project Path="src/TaksunPars/TaksunPars.Web.Client/TaksunPars.Web.Client.csproj" />
  <Project Path="src/TaksunPars/TaksunPars.Web/TaksunPars.Web.csproj" />
  <Project Path="src/TaksunPars/TaksunPars/TaksunPars.csproj">
    <Deploy Solution="Debug|*" />
  </Project>
</Solution>
